// !$*UTF8*$!
{
	archiveVersion = 1;
	classes = {
	};
	objectVersion = 46;
	objects = {

/* Begin PBXBuildFile section */
		4DE230B71B3AB5CA00BEFECE /* AppDelegate.swift in Sources */ = {isa = PBXBuildFile; fileRef = 4DE230B61B3AB5CA00BEFECE /* AppDelegate.swift */; };
		4DE230B91B3AB5CA00BEFECE /* ViewController.swift in Sources */ = {isa = PBXBuildFile; fileRef = 4DE230B81B3AB5CA00BEFECE /* ViewController.swift */; };
		4DE230BC1B3AB5CA00BEFECE /* Main.storyboard in Resources */ = {isa = PBXBuildFile; fileRef = 4DE230BA1B3AB5CA00BEFECE /* Main.storyboard */; };
		4DE230BE1B3AB5CA00BEFECE /* Assets.xcassets in Resources */ = {isa = PBXBuildFile; fileRef = 4DE230BD1B3AB5CA00BEFECE /* Assets.xcassets */; };
		4DE230C11B3AB5CA00BEFECE /* LaunchScreen.storyboard in Resources */ = {isa = PBXBuildFile; fileRef = 4DE230BF1B3AB5CA00BEFECE /* LaunchScreen.storyboard */; };
		4DE230CC1B3AB5CB00BEFECE /* gitDemoTests.swift in Sources */ = {isa = PBXBuildFile; fileRef = 4DE230CB1B3AB5CB00BEFECE /* gitDemoTests.swift */; };
		4DE230D71B3AB5CB00BEFECE /* gitDemoUITests.swift in Sources */ = {isa = PBXBuildFile; fileRef = 4DE230D61B3AB5CB00BEFECE /* gitDemoUITests.swift */; };
/* End PBXBuildFile section */

/* Begin PBXContainerItemProxy section */
		4DE230C81B3AB5CB00BEFECE /* PBXContainerItemProxy */ = {
			isa = PBXContainerItemProxy;
			containerPortal = 4DE230AB1B3AB5CA00BEFECE /* Project object */;
			proxyType = 1;
			remoteGlobalIDString = 4DE230B21B3AB5CA00BEFECE;
			remoteInfo = gitDemo;
		};
		4DE230D31B3AB5CB00BEFECE /* PBXContainerItemProxy */ = {
			isa = PBXContainerItemProxy;
			containerPortal = 4DE230AB1B3AB5CA00BEFECE /* Project object */;
			proxyType = 1;
			remoteGlobalIDString = 4DE230B21B3AB5CA00BEFECE;
			remoteInfo = gitDemo;
		};
/* End PBXContainerItemProxy section */

/* Begin PBXFileReference section */
		4DE230B31B3AB5CA00BEFECE /* gitDemo.app */ = {isa = PBXFileReference; explicitFileType = wrapper.application; includeInIndex = 0; path = gitDemo.app; sourceTree = BUILT_PRODUCTS_DIR; };
		4DE230B61B3AB5CA00BEFECE /* AppDelegate.swift */ = {isa = PBXFileReference; lastKnownFileType = sourcecode.swift; path = AppDelegate.swift; sourceTree = "<group>"; };
		4DE230B81B3AB5CA00BEFECE /* ViewController.swift */ = {isa = PBXFileReference; lastKnownFileType = sourcecode.swift; path = ViewController.swift; sourceTree = "<group>"; };
		4DE230BB1B3AB5CA00BEFECE /* Base */ = {isa = PBXFileReference; lastKnownFileType = file.storyboard; name = Base; path = Base.lproj/Main.storyboard; sourceTree = "<group>"; };
		4DE230BD1B3AB5CA00BEFECE /* Assets.xcassets */ = {isa = PBXFileReference; lastKnownFileType = folder.assetcatalog; path = Assets.xcassets; sourceTree = "<group>"; };
		4DE230C01B3AB5CA00BEFECE /* Base */ = {isa = PBXFileReference; lastKnownFileType = file.storyboard; name = Base; path = Base.lproj/LaunchScreen.storyboard; sourceTree = "<group>"; };
		4DE230C21B3AB5CB00BEFECE /* Info.plist */ = {isa = PBXFileReference; lastKnownFileType = text.plist.xml; path = Info.plist; sourceTree = "<group>"; };
		4DE230C71B3AB5CB00BEFECE /* gitDemoTests.xctest */ = {isa = PBXFileReference; explicitFileType = wrapper.cfbundle; includeInIndex = 0; path = gitDemoTests.xctest; sourceTree = BUILT_PRODUCTS_DIR; };
		4DE230CB1B3AB5CB00BEFECE /* gitDemoTests.swift */ = {isa = PBXFileReference; lastKnownFileType = sourcecode.swift; path = gitDemoTests.swift; sourceTree = "<group>"; };
		4DE230CD1B3AB5CB00BEFECE /* Info.plist */ = {isa = PBXFileReference; lastKnownFileType = text.plist.xml; path = Info.plist; sourceTree = "<group>"; };
		4DE230D21B3AB5CB00BEFECE /* gitDemoUITests.xctest */ = {isa = PBXFileReference; explicitFileType = wrapper.cfbundle; includeInIndex = 0; path = gitDemoUITests.xctest; sourceTree = BUILT_PRODUCTS_DIR; };
		4DE230D61B3AB5CB00BEFECE /* gitDemoUITests.swift */ = {isa = PBXFileReference; lastKnownFileType = sourcecode.swift; path = gitDemoUITests.swift; sourceTree = "<group>"; };
		4DE230D81B3AB5CB00BEFECE /* Info.plist */ = {isa = PBXFileReference; lastKnownFileType = text.plist.xml; path = Info.plist; sourceTree = "<group>"; };
/* End PBXFileReference section */

/* Begin PBXFrameworksBuildPhase section */
		4DE230B01B3AB5CA00BEFECE /* Frameworks */ = {
			isa = PBXFrameworksBuildPhase;
			buildActionMask = 2147483647;
			files = (
			);
			runOnlyForDeploymentPostprocessing = 0;
		};
		4DE230C41B3AB5CB00BEFECE /* Frameworks */ = {
			isa = PBXFrameworksBuildPhase;
			buildActionMask = 2147483647;
			files = (
			);
			runOnlyForDeploymentPostprocessing = 0;
		};
		4DE230CF1B3AB5CB00BEFECE /* Frameworks */ = {
			isa = PBXFrameworksBuildPhase;
			buildActionMask = 2147483647;
			files = (
			);
			runOnlyForDeploymentPostprocessing = 0;
		};
/* End PBXFrameworksBuildPhase section */

/* Begin PBXGroup section */
		4DE230AA1B3AB5CA00BEFECE = {
			isa = PBXGroup;
			children = (
				4DE230B51B3AB5CA00BEFECE /* gitDemo */,
				4DE230CA1B3AB5CB00BEFECE /* gitDemoTests */,
				4DE230D51B3AB5CB00BEFECE /* gitDemoUITests */,
				4DE230B41B3AB5CA00BEFECE /* Products */,
			);
			sourceTree = "<group>";
		};
		4DE230B41B3AB5CA00BEFECE /* Products */ = {
			isa = PBXGroup;
			children = (
				4DE230B31B3AB5CA00BEFECE /* gitDemo.app */,
				4DE230C71B3AB5CB00BEFECE /* gitDemoTests.xctest */,
				4DE230D21B3AB5CB00BEFECE /* gitDemoUITests.xctest */,
			);
			name = Products;
			sourceTree = "<group>";
		};
		4DE230B51B3AB5CA00BEFECE /* gitDemo */ = {
			isa = PBXGroup;
			children = (
				4DE230B61B3AB5CA00BEFECE /* AppDelegate.swift */,
				4DE230B81B3AB5CA00BEFECE /* ViewController.swift */,
				4DE230BA1B3AB5CA00BEFECE /* Main.storyboard */,
				4DE230BD1B3AB5CA00BEFECE /* Assets.xcassets */,
				4DE230BF1B3AB5CA00BEFECE /* LaunchScreen.storyboard */,
				4DE230C21B3AB5CB00BEFECE /* Info.plist */,
			);
			path = gitDemo;
			sourceTree = "<group>";
		};
		4DE230CA1B3AB5CB00BEFECE /* gitDemoTests */ = {
			isa = PBXGroup;
			children = (
				4DE230CB1B3AB5CB00BEFECE /* gitDemoTests.swift */,
				4DE230CD1B3AB5CB00BEFECE /* Info.plist */,
			);
			path = gitDemoTests;
			sourceTree = "<group>";
		};
		4DE230D51B3AB5CB00BEFECE /* gitDemoUITests */ = {
			isa = PBXGroup;
			children = (
				4DE230D61B3AB5CB00BEFECE /* gitDemoUITests.swift */,
				4DE230D81B3AB5CB00BEFECE /* Info.plist */,
			);
			path = gitDemoUITests;
			sourceTree = "<group>";
		};
/* End PBXGroup section */

/* Begin PBXNativeTarget section */
		4DE230B21B3AB5CA00BEFECE /* gitDemo */ = {
			isa = PBXNativeTarget;
			buildConfigurationList = 4DE230DB1B3AB5CB00BEFECE /* Build configuration list for PBXNativeTarget "gitDemo" */;
			buildPhases = (
				4DE230AF1B3AB5CA00BEFECE /* Sources */,
				4DE230B01B3AB5CA00BEFECE /* Frameworks */,
				4DE230B11B3AB5CA00BEFECE /* Resources */,
			);
			buildRules = (
			);
			dependencies = (
			);
			name = gitDemo;
			productName = gitDemo;
			productReference = 4DE230B31B3AB5CA00BEFECE /* gitDemo.app */;
			productType = "com.apple.product-type.application";
		};
		4DE230C61B3AB5CB00BEFECE /* gitDemoTests */ = {
			isa = PBXNativeTarget;
			buildConfigurationList = 4DE230DE1B3AB5CB00BEFECE /* Build configuration list for PBXNativeTarget "gitDemoTests" */;
			buildPhases = (
				4DE230C31B3AB5CB00BEFECE /* Sources */,
				4DE230C41B3AB5CB00BEFECE /* Frameworks */,
				4DE230C51B3AB5CB00BEFECE /* Resources */,
			);
			buildRules = (
			);
			dependencies = (
				4DE230C91B3AB5CB00BEFECE /* PBXTargetDependency */,
			);
			name = gitDemoTests;
			productName = gitDemoTests;
			productReference = 4DE230C71B3AB5CB00BEFECE /* gitDemoTests.xctest */;
			productType = "com.apple.product-type.bundle.unit-test";
		};
		4DE230D11B3AB5CB00BEFECE /* gitDemoUITests */ = {
			isa = PBXNativeTarget;
			buildConfigurationList = 4DE230E11B3AB5CB00BEFECE /* Build configuration list for PBXNativeTarget "gitDemoUITests" */;
			buildPhases = (
				4DE230CE1B3AB5CB00BEFECE /* Sources */,
				4DE230CF1B3AB5CB00BEFECE /* Frameworks */,
				4DE230D01B3AB5CB00BEFECE /* Resources */,
			);
			buildRules = (
			);
			dependencies = (
				4DE230D41B3AB5CB00BEFECE /* PBXTargetDependency */,
			);
			name = gitDemoUITests;
			productName = gitDemoUITests;
			productReference = 4DE230D21B3AB5CB00BEFECE /* gitDemoUITests.xctest */;
			productType = "com.apple.product-type.bundle.ui-testing";
		};
/* End PBXNativeTarget section */

/* Begin PBXProject section */
		4DE230AB1B3AB5CA00BEFECE /* Project object */ = {
			isa = PBXProject;
			attributes = {
				LastUpgradeCheck = 0700;
				ORGANIZATIONNAME = heima;
				TargetAttributes = {
					4DE230B21B3AB5CA00BEFECE = {
						CreatedOnToolsVersion = 7.0;
					};
					4DE230C61B3AB5CB00BEFECE = {
						CreatedOnToolsVersion = 7.0;
						TestTargetID = 4DE230B21B3AB5CA00BEFECE;
					};
					4DE230D11B3AB5CB00BEFECE = {
						CreatedOnToolsVersion = 7.0;
						TestTargetID = 4DE230B21B3AB5CA00BEFECE;
					};
				};
			};
			buildConfigurationList = 4DE230AE1B3AB5CA00BEFECE /* Build configuration list for PBXProject "gitDemo" */;
			compatibilityVersion = "Xcode 3.2";
			developmentRegion = English;
			hasScannedForEncodings = 0;
			knownRegions = (
				en,
				Base,
			);
			mainGroup = 4DE230AA1B3AB5CA00BEFECE;
			productRefGroup = 4DE230B41B3AB5CA00BEFECE /* Products */;
			projectDirPath = "";
			projectRoot = "";
			targets = (
				4DE230B21B3AB5CA00BEFECE /* gitDemo */,
				4DE230C61B3AB5CB00BEFECE /* gitDemoTests */,
				4DE230D11B3AB5CB00BEFECE /* gitDemoUITests */,
			);
		};
/* End PBXProject section */

/* Begin PBXResourcesBuildPhase section */
		4DE230B11B3AB5CA00BEFECE /* Resources */ = {
			isa = PBXResourcesBuildPhase;
			buildActionMask = 2147483647;
			files = (
				4DE230C11B3AB5CA00BEFECE /* LaunchScreen.storyboard in Resources */,
				4DE230BE1B3AB5CA00BEFECE /* Assets.xcassets in Resources */,
				4DE230BC1B3AB5CA00BEFECE /* Main.storyboard in Resources */,
			);
			runOnlyForDeploymentPostprocessing = 0;
		};
		4DE230C51B3AB5CB00BEFECE /* Resources */ = {
			isa = PBXResourcesBuildPhase;
			buildActionMask = 2147483647;
			files = (
			);
			runOnlyForDeploymentPostprocessing = 0;
		};
		4DE230D01B3AB5CB00BEFECE /* Resources */ = {
			isa = PBXResourcesBuildPhase;
			buildActionMask = 2147483647;
			files = (
			);
			runOnlyForDeploymentPostprocessing = 0;
		};
/* End PBXResourcesBuildPhase section */

/* Begin PBXSourcesBuildPhase section */
		4DE230AF1B3AB5CA00BEFECE /* Sources */ = {
			isa = PBXSourcesBuildPhase;
			buildActionMask = 2147483647;
			files = (
				4DE230B91B3AB5CA00BEFECE /* ViewController.swift in Sources */,
				4DE230B71B3AB5CA00BEFECE /* AppDelegate.swift in Sources */,
			);
			runOnlyForDeploymentPostprocessing = 0;
		};
		4DE230C31B3AB5CB00BEFECE /* Sources */ = {
			isa = PBXSourcesBuildPhase;
			buildActionMask = 2147483647;
			files = (
				4DE230CC1B3AB5CB00BEFECE /* gitDemoTests.swift in Sources */,
			);
			runOnlyForDeploymentPostprocessing = 0;
		};
		4DE230CE1B3AB5CB00BEFECE /* Sources */ = {
			isa = PBXSourcesBuildPhase;
			buildActionMask = 2147483647;
			files = (
				4DE230D71B3AB5CB00BEFECE /* gitDemoUITests.swift in Sources */,
			);
			runOnlyForDeploymentPostprocessing = 0;
		};
/* End PBXSourcesBuildPhase section */

/* Begin PBXTargetDependency section */
		4DE230C91B3AB5CB00BEFECE /* PBXTargetDependency */ = {
			isa = PBXTargetDependency;
			target = 4DE230B21B3AB5CA00BEFECE /* gitDemo */;
			targetProxy = 4DE230C81B3AB5CB00BEFECE /* PBXContainerItemProxy */;
		};
		4DE230D41B3AB5CB00BEFECE /* PBXTargetDependency */ = {
			isa = PBXTargetDependency;
			target = 4DE230B21B3AB5CA00BEFECE /* gitDemo */;
			targetProxy = 4DE230D31B3AB5CB00BEFECE /* PBXContainerItemProxy */;
		};
/* End PBXTargetDependency section */

/* Begin PBXVariantGroup section */
		4DE230BA1B3AB5CA00BEFECE /* Main.storyboard */ = {
			isa = PBXVariantGroup;
			children = (
				4DE230BB1B3AB5CA00BEFECE /* Base */,
			);
			name = Main.storyboard;
			sourceTree = "<group>";
		};
		4DE230BF1B3AB5CA00BEFECE /* LaunchScreen.storyboard */ = {
			isa = PBXVariantGroup;
			children = (
				4DE230C01B3AB5CA00BEFECE /* Base */,
			);
			name = LaunchScreen.storyboard;
			sourceTree = "<group>";
		};
/* End PBXVariantGroup section */

/* Begin XCBuildConfiguration section */
		4DE230D91B3AB5CB00BEFECE /* Debug */ = {
			isa = XCBuildConfiguration;
			buildSettings = {
				ALWAYS_SEARCH_USER_PATHS = NO;
				CLANG_CXX_LANGUAGE_STANDARD = "gnu++0x";
				CLANG_CXX_LIBRARY = "libc++";
				CLANG_ENABLE_MODULES = YES;
				CLANG_ENABLE_OBJC_ARC = YES;
				CLANG_WARN_BOOL_CONVERSION = YES;
				CLANG_WARN_CONSTANT_CONVERSION = YES;
				CLANG_WARN_DIRECT_OBJC_ISA_USAGE = YES_ERROR;
				CLANG_WARN_EMPTY_BODY = YES;
				CLANG_WARN_ENUM_CONVERSION = YES;
				CLANG_WARN_INT_CONVERSION = YES;
				CLANG_WARN_OBJC_ROOT_CLASS = YES_ERROR;
				CLANG_WARN_UNREACHABLE_CODE = YES;
				CLANG_WARN__DUPLICATE_METHOD_MATCH = YES;
				"CODE_SIGN_IDENTITY[sdk=iphoneos*]" = "iPhone Developer";
				COPY_PHASE_STRIP = NO;
				DEBUG_INFORMATION_FORMAT = dwarf;
				ENABLE_STRICT_OBJC_MSGSEND = YES;
				ENABLE_TESTABILITY = YES;
				GCC_C_LANGUAGE_STANDARD = gnu99;
				GCC_DYNAMIC_NO_PIC = NO;
				GCC_NO_COMMON_BLOCKS = YES;
				GCC_OPTIMIZATION_LEVEL = 0;
				GCC_PREPROCESSOR_DEFINITIONS = (
					"DEBUG=1",
					"$(inherited)",
				);
				GCC_WARN_64_TO_32_BIT_CONVERSION = YES;
				GCC_WARN_ABOUT_RETURN_TYPE = YES_ERROR;
				GCC_WARN_UNDECLARED_SELECTOR = YES;
				GCC_WARN_UNINITIALIZED_AUTOS = YES_AGGRESSIVE;
				GCC_WARN_UNUSED_FUNCTION = YES;
				GCC_WARN_UNUSED_VARIABLE = YES;
				IPHONEOS_DEPLOYMENT_TARGET = 9.0;
				MTL_ENABLE_DEBUG_INFO = YES;
				ONLY_ACTIVE_ARCH = YES;
				SDKROOT = iphoneos;
				SWIFT_OPTIMIZATION_LEVEL = "-Onone";
			};
			name = Debug;
		};
		4DE230DA1B3AB5CB00BEFECE /* Release */ = {
			isa = XCBuildConfiguration;
			buildSettings = {
				ALWAYS_SEARCH_USER_PATHS = NO;
				CLANG_CXX_LANGUAGE_STANDARD = "gnu++0x";
				CLANG_CXX_LIBRARY = "libc++";
				CLANG_ENABLE_MODULES = YES;
				CLANG_ENABLE_OBJC_ARC = YES;
				CLANG_WARN_BOOL_CONVERSION = YES;
				CLANG_WARN_CONSTANT_CONVERSION = YES;
				CLANG_WARN_DIRECT_OBJC_ISA_USAGE = YES_ERROR;
				CLANG_WARN_EMPTY_BODY = YES;
				CLANG_WARN_ENUM_CONVERSION = YES;
				CLANG_WARN_INT_CONVERSION = YES;
				CLANG_WARN_OBJC_ROOT_CLASS = YES_ERROR;
				CLANG_WARN_UNREACHABLE_CODE = YES;
				CLANG_WARN__DUPLICATE_METHOD_MATCH = YES;
				"CODE_SIGN_IDENTITY[sdk=iphoneos*]" = "iPhone Developer";
				COPY_PHASE_STRIP = NO;
				DEBUG_INFORMATION_FORMAT = "dwarf-with-dsym";
				ENABLE_NS_ASSERTIONS = NO;
				ENABLE_STRICT_OBJC_MSGSEND = YES;
				GCC_C_LANGUAGE_STANDARD = gnu99;
				GCC_NO_COMMON_BLOCKS = YES;
				GCC_WARN_64_TO_32_BIT_CONVERSION = YES;
				GCC_WARN_ABOUT_RETURN_TYPE = YES_ERROR;
				GCC_WARN_UNDECLARED_SELECTOR = YES;
				GCC_WARN_UNINITIALIZED_AUTOS = YES_AGGRESSIVE;
				GCC_WARN_UNUSED_FUNCTION = YES;
				GCC_WARN_UNUSED_VARIABLE = YES;
				IPHONEOS_DEPLOYMENT_TARGET = 9.0;
				MTL_ENABLE_DEBUG_INFO = NO;
				SDKROOT = iphoneos;
				VALIDATE_PRODUCT = YES;
			};
			name = Release;
		};
		4DE230DC1B3AB5CB00BEFECE /* Debug */ = {
			isa = XCBuildConfiguration;
			buildSettings = {
				ASSETCATALOG_COMPILER_APPICON_NAME = AppIcon;
				INFOPLIST_FILE = gitDemo/Info.plist;
				LD_RUNPATH_SEARCH_PATHS = "$(inherited) @executable_path/Frameworks";
				PRODUCT_BUNDLE_IDENTIFIER = com.heima.gitDemo;
				PRODUCT_NAME = "$(TARGET_NAME)";
			};
			name = Debug;
		};
		4DE230DD1B3AB5CB00BEFECE /* Release */ = {
			isa = XCBuildConfiguration;
			buildSettings = {
				ASSETCATALOG_COMPILER_APPICON_NAME = AppIcon;
				INFOPLIST_FILE = gitDemo/Info.plist;
				LD_RUNPATH_SEARCH_PATHS = "$(inherited) @executable_path/Frameworks";
				PRODUCT_BUNDLE_IDENTIFIER = com.heima.gitDemo;
				PRODUCT_NAME = "$(TARGET_NAME)";
			};
			name = Release;
		};
		4DE230DF1B3AB5CB00BEFECE /* Debug */ = {
			isa = XCBuildConfiguration;
			buildSettings = {
				BUNDLE_LOADER = "$(TEST_HOST)";
				INFOPLIST_FILE = gitDemoTests/Info.plist;
				LD_RUNPATH_SEARCH_PATHS = "$(inherited) @executable_path/Frameworks @loader_path/Frameworks";
				PRODUCT_BUNDLE_IDENTIFIER = com.heima.gitDemoTests;
				PRODUCT_NAME = "$(TARGET_NAME)";
				TEST_HOST = "$(BUILT_PRODUCTS_DIR)/gitDemo.app/gitDemo";
			};
			name = Debug;
		};
		4DE230E01B3AB5CB00BEFECE /* Release */ = {
			isa = XCBuildConfiguration;
			buildSettings = {
				BUNDLE_LOADER = "$(TEST_HOST)";
				INFOPLIST_FILE = gitDemoTests/Info.plist;
				LD_RUNPATH_SEARCH_PATHS = "$(inherited) @executable_path/Frameworks @loader_path/Frameworks";
				PRODUCT_BUNDLE_IDENTIFIER = com.heima.gitDemoTests;
				PRODUCT_NAME = "$(TARGET_NAME)";
				TEST_HOST = "$(BUILT_PRODUCTS_DIR)/gitDemo.app/gitDemo";
			};
			name = Release;
		};
		4DE230E21B3AB5CB00BEFECE /* Debug */ = {
			isa = XCBuildConfiguration;
			buildSettings = {
				INFOPLIST_FILE = gitDemoUITests/Info.plist;
				LD_RUNPATH_SEARCH_PATHS = "$(inherited) @executable_path/Frameworks @loader_path/Frameworks";
				PRODUCT_BUNDLE_IDENTIFIER = com.heima.gitDemoUITests;
				PRODUCT_NAME = "$(TARGET_NAME)";
				TEST_TARGET_NAME = gitDemo;
				USES_XCTRUNNER = YES;
			};
			name = Debug;
		};
		4DE230E31B3AB5CB00BEFECE /* Release */ = {
			isa = XCBuildConfiguration;
			buildSettings = {
				INFOPLIST_FILE = gitDemoUITests/Info.plist;
				LD_RUNPATH_SEARCH_PATHS = "$(inherited) @executable_path/Frameworks @loader_path/Frameworks";
				PRODUCT_BUNDLE_IDENTIFIER = com.heima.gitDemoUITests;
				PRODUCT_NAME = "$(TARGET_NAME)";
				TEST_TARGET_NAME = gitDemo;
				USES_XCTRUNNER = YES;
			};
			name = Release;
		};
/* End XCBuildConfiguration section */

/* Begin XCConfigurationList section */
		4DE230AE1B3AB5CA00BEFECE /* Build configuration list for PBXProject "gitDemo" */ = {
			isa = XCConfigurationList;
			buildConfigurations = (
				4DE230D91B3AB5CB00BEFECE /* Debug */,
				4DE230DA1B3AB5CB00BEFECE /* Release */,
			);
			defaultConfigurationIsVisible = 0;
			defaultConfigurationName = Release;
		};
		4DE230DB1B3AB5CB00BEFECE /* Build configuration list for PBXNativeTarget "gitDemo" */ = {
			isa = XCConfigurationList;
			buildConfigurations = (
				4DE230DC1B3AB5CB00BEFECE /* Debug */,
				4DE230DD1B3AB5CB00BEFECE /* Release */,
			);
			defaultConfigurationIsVisible = 0;
		};
		4DE230DE1B3AB5CB00BEFECE /* Build configuration list for PBXNativeTarget "gitDemoTests" */ = {
			isa = XCConfigurationList;
			buildConfigurations = (
				4DE230DF1B3AB5CB00BEFECE /* Debug */,
				4DE230E01B3AB5CB00BEFECE /* Release */,
			);
			defaultConfigurationIsVisible = 0;
		};
		4DE230E11B3AB5CB00BEFECE /* Build configuration list for PBXNativeTarget "gitDemoUITests" */ = {
			isa = XCConfigurationList;
			buildConfigurations = (
				4DE230E21B3AB5CB00BEFECE /* Debug */,
				4DE230E31B3AB5CB00BEFECE /* Release */,
			);
			defaultConfigurationIsVisible = 0;
		};
/* End XCConfigurationList section */
	};
	rootObject = 4DE230AB1B3AB5CA00BEFECE /* Project object */;
}
